
Microsoft Visual Studio Solution File, Format Version 12.00
# Visual Studio Version 17
VisualStudioVersion = 17.6.33723.286
MinimumVisualStudioVersion = 10.0.40219.1
Project("{8BC9CEB8-8B4A-11D0-8D11-00A0C91BC942}") = "PiE", "source\PiE.vcxproj", "{DDC02F3D-B8CB-48CA-9C1C-ACF28BCCF203}"
EndProject
Project("{8BC9CEB8-8B4A-11D0-8D11-00A0C91BC942}") = "4DRendering", "Examples\4DRendering\4DRendering.vcxproj", "{01ABA55C-3D42-4425-8418-235DAF14FFC1}"
	ProjectSection(ProjectDependencies) = postProject
		{DDC02F3D-B8CB-48CA-9C1C-ACF28BCCF203} = {DDC02F3D-B8CB-48CA-9C1C-ACF28BCCF203}
	EndProjectSection
EndProject
Project("{8BC9CEB8-8B4A-11D0-8D11-00A0C91BC942}") = "HelloWindow", "Examples\HelloWindow\HelloWindow.vcxproj", "{26124053-A6D1-48FB-8F7F-CA194B786E41}"
	ProjectSection(ProjectDependencies) = postProject
		{DDC02F3D-B8CB-48CA-9C1C-ACF28BCCF203} = {DDC02F3D-B8CB-48CA-9C1C-ACF28BCCF203}
	EndProjectSection
EndProject
Project("{8BC9CEB8-8B4A-11D0-8D11-00A0C91BC942}") = "GameObjects", "Examples\GameObjects\GameObjects.vcxproj", "{B6EC8382-0B83-4EAE-AAB4-227C2AC92BAD}"
	ProjectSection(ProjectDependencies) = postProject
		{DDC02F3D-B8CB-48CA-9C1C-ACF28BCCF203} = {DDC02F3D-B8CB-48CA-9C1C-ACF28BCCF203}
	EndProjectSection
EndProject
Project("{8BC9CEB8-8B4A-11D0-8D11-00A0C91BC942}") = "GUI", "Examples\GUI\GUI.vcxproj", "{B02280D5-8FFC-48E1-8672-6F6A64D6CEDA}"
	ProjectSection(ProjectDependencies) = postProject
		{DDC02F3D-B8CB-48CA-9C1C-ACF28BCCF203} = {DDC02F3D-B8CB-48CA-9C1C-ACF28BCCF203}
	EndProjectSection
EndProject
Project("{8BC9CEB8-8B4A-11D0-8D11-00A0C91BC942}") = "Testing", "Examples\Testing\Testing.vcxproj", "{B4637664-EFC2-4518-BB6D-43D7EDD0FB03}"
	ProjectSection(ProjectDependencies) = postProject
		{DDC02F3D-B8CB-48CA-9C1C-ACF28BCCF203} = {DDC02F3D-B8CB-48CA-9C1C-ACF28BCCF203}
	EndProjectSection
EndProject
Global
	GlobalSection(SolutionConfigurationPlatforms) = preSolution
		Debug|x64 = Debug|x64
		Debug|x86 = Debug|x86
		Release|x64 = Release|x64
		Release|x86 = Release|x86
		TestDebug|x64 = TestDebug|x64
		TestDebug|x86 = TestDebug|x86
		TestRelease|x64 = TestRelease|x64
		TestRelease|x86 = TestRelease|x86
	EndGlobalSection
	GlobalSection(ProjectConfigurationPlatforms) = postSolution
		{DDC02F3D-B8CB-48CA-9C1C-ACF28BCCF203}.Debug|x64.ActiveCfg = Debug|x64
		{DDC02F3D-B8CB-48CA-9C1C-ACF28BCCF203}.Debug|x64.Build.0 = Debug|x64
		{DDC02F3D-B8CB-48CA-9C1C-ACF28BCCF203}.Debug|x86.ActiveCfg = Debug|Win32
		{DDC02F3D-B8CB-48CA-9C1C-ACF28BCCF203}.Debug|x86.Build.0 = Debug|Win32
		{DDC02F3D-B8CB-48CA-9C1C-ACF28BCCF203}.Release|x64.ActiveCfg = Release|x64
		{DDC02F3D-B8CB-48CA-9C1C-ACF28BCCF203}.Release|x64.Build.0 = Release|x64
		{DDC02F3D-B8CB-48CA-9C1C-ACF28BCCF203}.Release|x86.ActiveCfg = Release|Win32
		{DDC02F3D-B8CB-48CA-9C1C-ACF28BCCF203}.Release|x86.Build.0 = Release|Win32
		{DDC02F3D-B8CB-48CA-9C1C-ACF28BCCF203}.TestDebug|x64.ActiveCfg = Debug|x64
		{DDC02F3D-B8CB-48CA-9C1C-ACF28BCCF203}.TestDebug|x64.Build.0 = Debug|x64
		{DDC02F3D-B8CB-48CA-9C1C-ACF28BCCF203}.TestDebug|x86.ActiveCfg = Debug|Win32
		{DDC02F3D-B8CB-48CA-9C1C-ACF28BCCF203}.TestDebug|x86.Build.0 = Debug|Win32
		{DDC02F3D-B8CB-48CA-9C1C-ACF28BCCF203}.TestRelease|x64.ActiveCfg = Release|x64
		{DDC02F3D-B8CB-48CA-9C1C-ACF28BCCF203}.TestRelease|x64.Build.0 = Release|x64
		{DDC02F3D-B8CB-48CA-9C1C-ACF28BCCF203}.TestRelease|x86.ActiveCfg = Release|Win32
		{DDC02F3D-B8CB-48CA-9C1C-ACF28BCCF203}.TestRelease|x86.Build.0 = Release|Win32
		{01ABA55C-3D42-4425-8418-235DAF14FFC1}.Debug|x64.ActiveCfg = Debug|x64
		{01ABA55C-3D42-4425-8418-235DAF14FFC1}.Debug|x64.Build.0 = Debug|x64
		{01ABA55C-3D42-4425-8418-235DAF14FFC1}.Debug|x86.ActiveCfg = Debug|Win32
		{01ABA55C-3D42-4425-8418-235DAF14FFC1}.Debug|x86.Build.0 = Debug|Win32
		{01ABA55C-3D42-4425-8418-235DAF14FFC1}.Release|x64.ActiveCfg = Release|x64
		{01ABA55C-3D42-4425-8418-235DAF14FFC1}.Release|x64.Build.0 = Release|x64
		{01ABA55C-3D42-4425-8418-235DAF14FFC1}.Release|x86.ActiveCfg = Release|Win32
		{01ABA55C-3D42-4425-8418-235DAF14FFC1}.Release|x86.Build.0 = Release|Win32
		{01ABA55C-3D42-4425-8418-235DAF14FFC1}.TestDebug|x64.ActiveCfg = Debug|x64
		{01ABA55C-3D42-4425-8418-235DAF14FFC1}.TestDebug|x64.Build.0 = Debug|x64
		{01ABA55C-3D42-4425-8418-235DAF14FFC1}.TestDebug|x86.ActiveCfg = Debug|Win32
		{01ABA55C-3D42-4425-8418-235DAF14FFC1}.TestDebug|x86.Build.0 = Debug|Win32
		{01ABA55C-3D42-4425-8418-235DAF14FFC1}.TestRelease|x64.ActiveCfg = Release|x64
		{01ABA55C-3D42-4425-8418-235DAF14FFC1}.TestRelease|x64.Build.0 = Release|x64
		{01ABA55C-3D42-4425-8418-235DAF14FFC1}.TestRelease|x86.ActiveCfg = Release|x64
		{01ABA55C-3D42-4425-8418-235DAF14FFC1}.TestRelease|x86.Build.0 = Release|x64
		{26124053-A6D1-48FB-8F7F-CA194B786E41}.Debug|x64.ActiveCfg = Debug|x64
		{26124053-A6D1-48FB-8F7F-CA194B786E41}.Debug|x64.Build.0 = Debug|x64
		{26124053-A6D1-48FB-8F7F-CA194B786E41}.Debug|x86.ActiveCfg = Debug|Win32
		{26124053-A6D1-48FB-8F7F-CA194B786E41}.Debug|x86.Build.0 = Debug|Win32
		{26124053-A6D1-48FB-8F7F-CA194B786E41}.Release|x64.ActiveCfg = Release|x64
		{26124053-A6D1-48FB-8F7F-CA194B786E41}.Release|x64.Build.0 = Release|x64
		{26124053-A6D1-48FB-8F7F-CA194B786E41}.Release|x86.ActiveCfg = Release|Win32
		{26124053-A6D1-48FB-8F7F-CA194B786E41}.Release|x86.Build.0 = Release|Win32
		{26124053-A6D1-48FB-8F7F-CA194B786E41}.TestDebug|x64.ActiveCfg = Debug|x64
		{26124053-A6D1-48FB-8F7F-CA194B786E41}.TestDebug|x64.Build.0 = Debug|x64
		{26124053-A6D1-48FB-8F7F-CA194B786E41}.TestDebug|x86.ActiveCfg = Debug|Win32
		{26124053-A6D1-48FB-8F7F-CA194B786E41}.TestDebug|x86.Build.0 = Debug|Win32
		{26124053-A6D1-48FB-8F7F-CA194B786E41}.TestRelease|x64.ActiveCfg = Release|x64
		{26124053-A6D1-48FB-8F7F-CA194B786E41}.TestRelease|x64.Build.0 = Release|x64
		{26124053-A6D1-48FB-8F7F-CA194B786E41}.TestRelease|x86.ActiveCfg = Release|Win32
		{26124053-A6D1-48FB-8F7F-CA194B786E41}.TestRelease|x86.Build.0 = Release|Win32
		{B6EC8382-0B83-4EAE-AAB4-227C2AC92BAD}.Debug|x64.ActiveCfg = Debug|x64
		{B6EC8382-0B83-4EAE-AAB4-227C2AC92BAD}.Debug|x64.Build.0 = Debug|x64
		{B6EC8382-0B83-4EAE-AAB4-227C2AC92BAD}.Debug|x86.ActiveCfg = Debug|Win32
		{B6EC8382-0B83-4EAE-AAB4-227C2AC92BAD}.Debug|x86.Build.0 = Debug|Win32
		{B6EC8382-0B83-4EAE-AAB4-227C2AC92BAD}.Release|x64.ActiveCfg = Release|x64
		{B6EC8382-0B83-4EAE-AAB4-227C2AC92BAD}.Release|x64.Build.0 = Release|x64
		{B6EC8382-0B83-4EAE-AAB4-227C2AC92BAD}.Release|x86.ActiveCfg = Release|Win32
		{B6EC8382-0B83-4EAE-AAB4-227C2AC92BAD}.Release|x86.Build.0 = Release|Win32
		{B6EC8382-0B83-4EAE-AAB4-227C2AC92BAD}.TestDebug|x64.ActiveCfg = Debug|x64
		{B6EC8382-0B83-4EAE-AAB4-227C2AC92BAD}.TestDebug|x64.Build.0 = Debug|x64
		{B6EC8382-0B83-4EAE-AAB4-227C2AC92BAD}.TestDebug|x86.ActiveCfg = Debug|Win32
		{B6EC8382-0B83-4EAE-AAB4-227C2AC92BAD}.TestDebug|x86.Build.0 = Debug|Win32
		{B6EC8382-0B83-4EAE-AAB4-227C2AC92BAD}.TestRelease|x64.ActiveCfg = Release|x64
		{B6EC8382-0B83-4EAE-AAB4-227C2AC92BAD}.TestRelease|x64.Build.0 = Release|x64
		{B6EC8382-0B83-4EAE-AAB4-227C2AC92BAD}.TestRelease|x86.ActiveCfg = Release|Win32
		{B6EC8382-0B83-4EAE-AAB4-227C2AC92BAD}.TestRelease|x86.Build.0 = Release|Win32
		{B02280D5-8FFC-48E1-8672-6F6A64D6CEDA}.Debug|x64.ActiveCfg = Debug|x64
		{B02280D5-8FFC-48E1-8672-6F6A64D6CEDA}.Debug|x64.Build.0 = Debug|x64
		{B02280D5-8FFC-48E1-8672-6F6A64D6CEDA}.Debug|x86.ActiveCfg = Debug|Win32
		{B02280D5-8FFC-48E1-8672-6F6A64D6CEDA}.Debug|x86.Build.0 = Debug|Win32
		{B02280D5-8FFC-48E1-8672-6F6A64D6CEDA}.Release|x64.ActiveCfg = Release|x64
		{B02280D5-8FFC-48E1-8672-6F6A64D6CEDA}.Release|x64.Build.0 = Release|x64
		{B02280D5-8FFC-48E1-8672-6F6A64D6CEDA}.Release|x86.ActiveCfg = Release|Win32
		{B02280D5-8FFC-48E1-8672-6F6A64D6CEDA}.Release|x86.Build.0 = Release|Win32
		{B02280D5-8FFC-48E1-8672-6F6A64D6CEDA}.TestDebug|x64.ActiveCfg = Debug|x64
		{B02280D5-8FFC-48E1-8672-6F6A64D6CEDA}.TestDebug|x64.Build.0 = Debug|x64
		{B02280D5-8FFC-48E1-8672-6F6A64D6CEDA}.TestDebug|x86.ActiveCfg = Debug|Win32
		{B02280D5-8FFC-48E1-8672-6F6A64D6CEDA}.TestDebug|x86.Build.0 = Debug|Win32
		{B02280D5-8FFC-48E1-8672-6F6A64D6CEDA}.TestRelease|x64.ActiveCfg = Release|x64
		{B02280D5-8FFC-48E1-8672-6F6A64D6CEDA}.TestRelease|x64.Build.0 = Release|x64
		{B02280D5-8FFC-48E1-8672-6F6A64D6CEDA}.TestRelease|x86.ActiveCfg = Release|Win32
		{B02280D5-8FFC-48E1-8672-6F6A64D6CEDA}.TestRelease|x86.Build.0 = Release|Win32
		{B4637664-EFC2-4518-BB6D-43D7EDD0FB03}.Debug|x64.ActiveCfg = Debug|x64
		{B4637664-EFC2-4518-BB6D-43D7EDD0FB03}.Debug|x64.Build.0 = Debug|x64
		{B4637664-EFC2-4518-BB6D-43D7EDD0FB03}.Debug|x86.ActiveCfg = Debug|Win32
		{B4637664-EFC2-4518-BB6D-43D7EDD0FB03}.Debug|x86.Build.0 = Debug|Win32
		{B4637664-EFC2-4518-BB6D-43D7EDD0FB03}.Release|x64.ActiveCfg = Release|x64
		{B4637664-EFC2-4518-BB6D-43D7EDD0FB03}.Release|x64.Build.0 = Release|x64
		{B4637664-EFC2-4518-BB6D-43D7EDD0FB03}.Release|x86.ActiveCfg = Release|Win32
		{B4637664-EFC2-4518-BB6D-43D7EDD0FB03}.Release|x86.Build.0 = Release|Win32
		{B4637664-EFC2-4518-BB6D-43D7EDD0FB03}.TestDebug|x64.ActiveCfg = Debug|x64
		{B4637664-EFC2-4518-BB6D-43D7EDD0FB03}.TestDebug|x64.Build.0 = Debug|x64
		{B4637664-EFC2-4518-BB6D-43D7EDD0FB03}.TestDebug|x86.ActiveCfg = Debug|Win32
		{B4637664-EFC2-4518-BB6D-43D7EDD0FB03}.TestDebug|x86.Build.0 = Debug|Win32
		{B4637664-EFC2-4518-BB6D-43D7EDD0FB03}.TestRelease|x64.ActiveCfg = Release|x64
		{B4637664-EFC2-4518-BB6D-43D7EDD0FB03}.TestRelease|x64.Build.0 = Release|x64
		{B4637664-EFC2-4518-BB6D-43D7EDD0FB03}.TestRelease|x86.ActiveCfg = Release|Win32
		{B4637664-EFC2-4518-BB6D-43D7EDD0FB03}.TestRelease|x86.Build.0 = Release|Win32
	EndGlobalSection
	GlobalSection(SolutionProperties) = preSolution
		HideSolutionNode = FALSE
	EndGlobalSection
	GlobalSection(ExtensibilityGlobals) = postSolution
		SolutionGuid = {0AB90302-1DEB-4008-AAF4-6AF5DFD5C810}
	EndGlobalSection
EndGlobal
