<?xml version="1.0" encoding="utf-8"?>
<Project ToolsVersion="4.0" xmlns="http://schemas.microsoft.com/developer/msbuild/2003">
  <ItemGroup>
    <Filter Include="Source Files">
      <UniqueIdentifier>{4FC737F1-C7A5-4376-A066-2A32D752A2FF}</UniqueIdentifier>
      <Extensions>cpp;c;cc;cxx;def;odl;idl;hpj;bat;asm;asmx</Extensions>
    </Filter>
    <Filter Include="Header Files">
      <UniqueIdentifier>{93995380-89BD-4b04-88EB-625FBE52EBFB}</UniqueIdentifier>
      <Extensions>h;hh;hpp;hxx;hm;inl;inc;ipp;xsd</Extensions>
    </Filter>
    <Filter Include="Resource Files">
      <UniqueIdentifier>{67DA6AB6-F800-4c08-8B7A-83BB121AAD01}</UniqueIdentifier>
      <Extensions>rc;ico;cur;bmp;dlg;rc2;rct;bin;rgs;gif;jpg;jpeg;jpe;resx;tiff;tif;png;wav;mfcribbon-ms</Extensions>
    </Filter>
    <Filter Include="Header Files\game object">
      <UniqueIdentifier>{163fa436-fc85-49b4-b4e8-3bab936ec149}</UniqueIdentifier>
    </Filter>
    <Filter Include="Header Files\lighting">
      <UniqueIdentifier>{650a3427-8f93-48bd-8589-f8ce022534c1}</UniqueIdentifier>
    </Filter>
    <Filter Include="Header Files\math">
      <UniqueIdentifier>{5d292593-d753-4d0f-a5e3-11f41457ff56}</UniqueIdentifier>
    </Filter>
    <Filter Include="Header Files\rendering">
      <UniqueIdentifier>{25fd6ce6-aaca-4705-b891-48eae6a53a53}</UniqueIdentifier>
    </Filter>
    <Filter Include="Header Files\sound">
      <UniqueIdentifier>{65ad9050-6543-4014-a760-02b708c15a6a}</UniqueIdentifier>
    </Filter>
    <Filter Include="Header Files\util">
      <UniqueIdentifier>{c38674aa-1b3f-4561-be5a-f13032d9a828}</UniqueIdentifier>
    </Filter>
    <Filter Include="Source Files\game object">
      <UniqueIdentifier>{ca528773-7733-4f6a-bcb4-a7bd67d557f6}</UniqueIdentifier>
    </Filter>
    <Filter Include="Source Files\math">
      <UniqueIdentifier>{74b865ce-6696-4933-9769-8cca2bc73448}</UniqueIdentifier>
    </Filter>
    <Filter Include="Source Files\rendering">
      <UniqueIdentifier>{b543a8e7-bd16-4913-be97-9c1cdfa0c38b}</UniqueIdentifier>
    </Filter>
    <Filter Include="Source Files\sound">
      <UniqueIdentifier>{74178e72-f0c3-463f-a835-da5e7676f90b}</UniqueIdentifier>
    </Filter>
    <Filter Include="Source Files\util">
      <UniqueIdentifier>{0d36bb24-8fde-404f-88f4-323d15d5fb2e}</UniqueIdentifier>
    </Filter>
  </ItemGroup>
  <ItemGroup>
    <ClCompile Include="PiE.cpp">
      <Filter>Source Files</Filter>
    </ClCompile>
    <ClCompile Include="ObjComponent.cpp">
      <Filter>Source Files\game object</Filter>
    </ClCompile>
    <ClCompile Include="FourierNoiseGenerator.cpp">
      <Filter>Source Files\math</Filter>
    </ClCompile>
    <ClCompile Include="Matrix4f.cpp">
      <Filter>Source Files\math</Filter>
    </ClCompile>
    <ClCompile Include="PerlinNoise2D.cpp">
      <Filter>Source Files\math</Filter>
    </ClCompile>
    <ClCompile Include="Vec3f.cpp">
      <Filter>Source Files\math</Filter>
    </ClCompile>
    <ClCompile Include="Camera.cpp">
      <Filter>Source Files\rendering</Filter>
    </ClCompile>
    <ClCompile Include="Camera5DoF.cpp">
      <Filter>Source Files\rendering</Filter>
    </ClCompile>
    <ClCompile Include="RenderContext.cpp">
      <Filter>Source Files\rendering</Filter>
    </ClCompile>
    <ClCompile Include="Transform.cpp">
      <Filter>Source Files\rendering</Filter>
    </ClCompile>
    <ClCompile Include="VertexArrayObject.cpp">
      <Filter>Source Files\rendering</Filter>
    </ClCompile>
    <ClCompile Include="GL_Texture.cpp">
      <Filter>Source Files\rendering</Filter>
    </ClCompile>
    <ClCompile Include="Shader.cpp">
      <Filter>Source Files\rendering</Filter>
    </ClCompile>
    <ClCompile Include="Microphone.cpp">
      <Filter>Source Files\sound</Filter>
    </ClCompile>
    <ClCompile Include="Speaker.cpp">
      <Filter>Source Files\sound</Filter>
    </ClCompile>
    <ClCompile Include="FPSCounter.cpp">
      <Filter>Source Files\util</Filter>
    </ClCompile>
    <ClCompile Include="Obj.cpp">
      <Filter>Source Files\util</Filter>
    </ClCompile>
    <ClCompile Include="UpdateLimiter.cpp">
      <Filter>Source Files\util</Filter>
    </ClCompile>
    <ClCompile Include="Utils.cpp">
      <Filter>Source Files\util</Filter>
    </ClCompile>
    <ClCompile Include="Uniform.cpp">
      <Filter>Source Files\rendering</Filter>
    </ClCompile>
  </ItemGroup>
  <ItemGroup>
    <ClInclude Include="PiE.h">
      <Filter>Header Files</Filter>
    </ClInclude>
    <ClInclude Include="Component.h">
      <Filter>Header Files\game object</Filter>
    </ClInclude>
    <ClInclude Include="GameObject.h">
      <Filter>Header Files\game object</Filter>
    </ClInclude>
    <ClInclude Include="ObjComponent.h">
      <Filter>Header Files\game object</Filter>
    </ClInclude>
    <ClInclude Include="DirectionalLight.h">
      <Filter>Header Files\lighting</Filter>
    </ClInclude>
    <ClInclude Include="PointLight.h">
      <Filter>Header Files\lighting</Filter>
    </ClInclude>
    <ClInclude Include="FourierNoiseGenerator.h">
      <Filter>Header Files\math</Filter>
    </ClInclude>
    <ClInclude Include="Matrix4f.h">
      <Filter>Header Files\math</Filter>
    </ClInclude>
    <ClInclude Include="Vec3f.h">
      <Filter>Header Files\math</Filter>
    </ClInclude>
    <ClInclude Include="PerlinNoise2D.h">
      <Filter>Header Files\math</Filter>
    </ClInclude>
    <ClInclude Include="Camera.h">
      <Filter>Header Files\rendering</Filter>
    </ClInclude>
    <ClInclude Include="Camera5DoF.h">
      <Filter>Header Files\rendering</Filter>
    </ClInclude>
    <ClInclude Include="GL_Texture.h">
      <Filter>Header Files\rendering</Filter>
    </ClInclude>
    <ClInclude Include="RenderContext.h">
      <Filter>Header Files\rendering</Filter>
    </ClInclude>
    <ClInclude Include="RenderObject.h">
      <Filter>Header Files\rendering</Filter>
    </ClInclude>
    <ClInclude Include="Transform.h">
      <Filter>Header Files\rendering</Filter>
    </ClInclude>
    <ClInclude Include="VertexArrayObject.h">
      <Filter>Header Files\rendering</Filter>
    </ClInclude>
    <ClInclude Include="Shader.h">
      <Filter>Header Files\rendering</Filter>
    </ClInclude>
    <ClInclude Include="Speaker.h">
      <Filter>Header Files\sound</Filter>
    </ClInclude>
    <ClInclude Include="Microphone.h">
      <Filter>Header Files\sound</Filter>
    </ClInclude>
    <ClInclude Include="AudioFormat.h">
      <Filter>Header Files\sound</Filter>
    </ClInclude>
    <ClInclude Include="FPSCounter.h">
      <Filter>Header Files\rendering</Filter>
    </ClInclude>
    <ClInclude Include="Macros.h">
      <Filter>Header Files\rendering</Filter>
    </ClInclude>
    <ClInclude Include="obj.h">
      <Filter>Header Files\rendering</Filter>
    </ClInclude>
    <ClInclude Include="UpdateLimiter.h">
      <Filter>Header Files\rendering</Filter>
    </ClInclude>
    <ClInclude Include="Utils.h">
      <Filter>Header Files\rendering</Filter>
    </ClInclude>
    <ClInclude Include="Uniform.h">
      <Filter>Header Files\rendering</Filter>
    </ClInclude>
  </ItemGroup>
</Project>