<?xml version="1.0" encoding="utf-8"?>
<Project ToolsVersion="4.0" xmlns="http://schemas.microsoft.com/developer/msbuild/2003">
  <ItemGroup>
    <Filter Include="Source Files">
      <UniqueIdentifier>{4FC737F1-C7A5-4376-A066-2A32D752A2FF}</UniqueIdentifier>
      <Extensions>cpp;c;cc;cxx;def;odl;idl;hpj;bat;asm;asmx</Extensions>
    </Filter>
    <Filter Include="Header Files">
      <UniqueIdentifier>{93995380-89BD-4b04-88EB-625FBE52EBFB}</UniqueIdentifier>
      <Extensions>h;hh;hpp;hxx;hm;inl;inc;ipp;xsd</Extensions>
    </Filter>
    <Filter Include="Resource Files">
      <UniqueIdentifier>{67DA6AB6-F800-4c08-8B7A-83BB121AAD01}</UniqueIdentifier>
      <Extensions>rc;ico;cur;bmp;dlg;rc2;rct;bin;rgs;gif;jpg;jpeg;jpe;resx;tiff;tif;png;wav;mfcribbon-ms</Extensions>
    </Filter>
    <Filter Include="Source Files\lighting">
      <UniqueIdentifier>{2c8513e9-b607-42ab-877a-f57bbd79e7bd}</UniqueIdentifier>
    </Filter>
    <Filter Include="Header Files\lighting">
      <UniqueIdentifier>{425982df-4c1d-431e-a735-cf699900d2b3}</UniqueIdentifier>
    </Filter>
    <Filter Include="Header Files\sound">
      <UniqueIdentifier>{42c8e2b6-d2ef-4bcf-bda1-96f5de5e6cf6}</UniqueIdentifier>
    </Filter>
    <Filter Include="Header Files\math">
      <UniqueIdentifier>{37815f92-3acd-49ef-9e33-963c56b48981}</UniqueIdentifier>
    </Filter>
    <Filter Include="Source Files\sound">
      <UniqueIdentifier>{e1a1aeee-e78f-49f3-90b1-b225d6cb9eed}</UniqueIdentifier>
    </Filter>
    <Filter Include="Source Files\math">
      <UniqueIdentifier>{7a191f9c-0bcd-4879-ba0b-0de936a47ccb}</UniqueIdentifier>
    </Filter>
    <Filter Include="Header Files\rendering">
      <UniqueIdentifier>{b5246dea-96f1-445d-8aa7-8b08164b5d17}</UniqueIdentifier>
    </Filter>
    <Filter Include="Source Files\rendering">
      <UniqueIdentifier>{dcb115c4-9430-4de0-b4f7-9ee6f5e9e34d}</UniqueIdentifier>
    </Filter>
    <Filter Include="Header Files\util">
      <UniqueIdentifier>{45fb5eb4-5912-4b20-a9fb-33cc769ea3f0}</UniqueIdentifier>
    </Filter>
    <Filter Include="Header Files\game object">
      <UniqueIdentifier>{315d978d-60b5-46f5-9c0d-1d210e633457}</UniqueIdentifier>
    </Filter>
    <Filter Include="Source Files\util">
      <UniqueIdentifier>{67f8de3d-f957-4289-acf8-5be71a3e9fe2}</UniqueIdentifier>
    </Filter>
    <Filter Include="Source Files\game object">
      <UniqueIdentifier>{b22db5e8-d7cc-4814-bb75-5c184e00c372}</UniqueIdentifier>
    </Filter>
    <Filter Include="Header Files\gui">
      <UniqueIdentifier>{ccc56f2a-b396-4be7-963b-24cee569e88c}</UniqueIdentifier>
    </Filter>
    <Filter Include="Source Files\gui">
      <UniqueIdentifier>{08e66616-3a6d-4d39-b110-522a0fc9dc23}</UniqueIdentifier>
    </Filter>
    <Filter Include="Header Files\text">
      <UniqueIdentifier>{c1349346-351a-4421-a7e3-691f1fcb2dc7}</UniqueIdentifier>
    </Filter>
    <Filter Include="Source Files\text">
      <UniqueIdentifier>{f0d50f42-cdc6-4fff-b5c8-d0164a638a77}</UniqueIdentifier>
    </Filter>
  </ItemGroup>
  <ItemGroup>
    <ClCompile Include="Microphone.cpp">
      <Filter>Source Files\sound</Filter>
    </ClCompile>
    <ClCompile Include="Speaker.cpp">
      <Filter>Source Files\sound</Filter>
    </ClCompile>
    <ClCompile Include="PerlinNoise2D.cpp">
      <Filter>Source Files\math</Filter>
    </ClCompile>
    <ClCompile Include="FourierNoiseGenerator.cpp">
      <Filter>Source Files\math</Filter>
    </ClCompile>
    <ClCompile Include="GL_Texture.cpp">
      <Filter>Source Files\rendering</Filter>
    </ClCompile>
    <ClCompile Include="Shader.cpp">
      <Filter>Source Files\rendering</Filter>
    </ClCompile>
    <ClCompile Include="RenderContext.cpp">
      <Filter>Source Files\rendering</Filter>
    </ClCompile>
    <ClCompile Include="Camera5DoF.cpp">
      <Filter>Source Files\rendering</Filter>
    </ClCompile>
    <ClCompile Include="FPSCounter.cpp">
      <Filter>Source Files\util</Filter>
    </ClCompile>
    <ClCompile Include="UpdateLimiter.cpp">
      <Filter>Source Files\util</Filter>
    </ClCompile>
    <ClCompile Include="VertexArrayObject.cpp">
      <Filter>Source Files\rendering</Filter>
    </ClCompile>
    <ClCompile Include="Obj.cpp">
      <Filter>Source Files\util</Filter>
    </ClCompile>
    <ClCompile Include="Transform.cpp">
      <Filter>Source Files\rendering</Filter>
    </ClCompile>
    <ClCompile Include="Utils.cpp">
      <Filter>Source Files\util</Filter>
    </ClCompile>
    <ClCompile Include="ObjComponent.cpp">
      <Filter>Source Files\game object</Filter>
    </ClCompile>
    <ClCompile Include="Camera.cpp">
      <Filter>Source Files\rendering</Filter>
    </ClCompile>
    <ClCompile Include="PiE.cpp">
      <Filter>Source Files</Filter>
    </ClCompile>
    <ClCompile Include="Uniform.cpp">
      <Filter>Source Files\rendering</Filter>
    </ClCompile>
    <ClCompile Include="Camera4D.cpp">
      <Filter>Source Files\rendering</Filter>
    </ClCompile>
    <ClCompile Include="Model4D.cpp">
      <Filter>Source Files\rendering</Filter>
    </ClCompile>
    <ClCompile Include="json.cpp">
      <Filter>Source Files\util</Filter>
    </ClCompile>
    <ClCompile Include="rect.cpp">
      <Filter>Source Files\math</Filter>
    </ClCompile>
    <ClCompile Include="Clickable.cpp">
      <Filter>Source Files\gui</Filter>
    </ClCompile>
    <ClCompile Include="TexturedRect.cpp">
      <Filter>Source Files\gui</Filter>
    </ClCompile>
    <ClCompile Include="VertexAttribute.cpp">
      <Filter>Source Files\rendering</Filter>
    </ClCompile>
    <ClCompile Include="TextElement.cpp">
      <Filter>Source Files\gui</Filter>
    </ClCompile>
    <ClCompile Include="Tessellator.cpp">
      <Filter>Source Files\util</Filter>
    </ClCompile>
    <ClCompile Include="FontRenderer.cpp">
      <Filter>Source Files\text</Filter>
    </ClCompile>
  </ItemGroup>
  <ItemGroup>
    <ClInclude Include="DirectionalLight.h">
      <Filter>Header Files\lighting</Filter>
    </ClInclude>
    <ClInclude Include="Speaker.h">
      <Filter>Header Files\sound</Filter>
    </ClInclude>
    <ClInclude Include="Microphone.h">
      <Filter>Header Files\sound</Filter>
    </ClInclude>
    <ClInclude Include="PerlinNoise2D.h">
      <Filter>Header Files\math</Filter>
    </ClInclude>
    <ClInclude Include="FourierNoiseGenerator.h">
      <Filter>Header Files\math</Filter>
    </ClInclude>
    <ClInclude Include="GL_Texture.h">
      <Filter>Header Files\rendering</Filter>
    </ClInclude>
    <ClInclude Include="Shader.h">
      <Filter>Header Files\rendering</Filter>
    </ClInclude>
    <ClInclude Include="RenderObject.h">
      <Filter>Header Files\rendering</Filter>
    </ClInclude>
    <ClInclude Include="RenderContext.h">
      <Filter>Header Files\rendering</Filter>
    </ClInclude>
    <ClInclude Include="AudioFormat.h">
      <Filter>Header Files\sound</Filter>
    </ClInclude>
    <ClInclude Include="GameObject.h">
      <Filter>Header Files\game object</Filter>
    </ClInclude>
    <ClInclude Include="Macros.h">
      <Filter>Header Files\util</Filter>
    </ClInclude>
    <ClInclude Include="VertexArrayObject.h">
      <Filter>Header Files\rendering</Filter>
    </ClInclude>
    <ClInclude Include="UpdateLimiter.h">
      <Filter>Header Files\util</Filter>
    </ClInclude>
    <ClInclude Include="FPSCounter.h">
      <Filter>Header Files\util</Filter>
    </ClInclude>
    <ClInclude Include="Component.h">
      <Filter>Header Files\game object</Filter>
    </ClInclude>
    <ClInclude Include="Camera5DoF.h">
      <Filter>Header Files\rendering</Filter>
    </ClInclude>
    <ClInclude Include="obj.h">
      <Filter>Header Files\util</Filter>
    </ClInclude>
    <ClInclude Include="Transform.h">
      <Filter>Header Files\rendering</Filter>
    </ClInclude>
    <ClInclude Include="Utils.h">
      <Filter>Header Files\util</Filter>
    </ClInclude>
    <ClInclude Include="ObjComponent.h">
      <Filter>Header Files\game object</Filter>
    </ClInclude>
    <ClInclude Include="PointLight.h">
      <Filter>Header Files\lighting</Filter>
    </ClInclude>
    <ClInclude Include="Camera.h">
      <Filter>Header Files\rendering</Filter>
    </ClInclude>
    <ClInclude Include="PiE.h">
      <Filter>Header Files</Filter>
    </ClInclude>
    <ClInclude Include="Uniform.h">
      <Filter>Header Files\rendering</Filter>
    </ClInclude>
    <ClInclude Include="Vec.h">
      <Filter>Header Files\math</Filter>
    </ClInclude>
    <ClInclude Include="Matrix.h">
      <Filter>Header Files\math</Filter>
    </ClInclude>
    <ClInclude Include="Camera4D.h">
      <Filter>Header Files\rendering</Filter>
    </ClInclude>
    <ClInclude Include="Model4D.h">
      <Filter>Header Files\rendering</Filter>
    </ClInclude>
    <ClInclude Include="json.h">
      <Filter>Header Files\util</Filter>
    </ClInclude>
    <ClInclude Include="Lazy.h">
      <Filter>Header Files\util</Filter>
    </ClInclude>
    <ClInclude Include="Rect.h">
      <Filter>Header Files\math</Filter>
    </ClInclude>
    <ClInclude Include="Clickable.h">
      <Filter>Header Files\gui</Filter>
    </ClInclude>
    <ClInclude Include="TexturedRect.h">
      <Filter>Header Files\gui</Filter>
    </ClInclude>
    <ClInclude Include="VertexAttribute.h">
      <Filter>Header Files\rendering</Filter>
    </ClInclude>
    <ClInclude Include="TextElement.h">
      <Filter>Header Files\gui</Filter>
    </ClInclude>
    <ClInclude Include="FontRenderer.h">
      <Filter>Header Files\text</Filter>
    </ClInclude>
    <ClInclude Include="Tessellator.h">
      <Filter>Header Files\util</Filter>
    </ClInclude>
    <ClInclude Include="SpotLight.h">
      <Filter>Header Files\lighting</Filter>
    </ClInclude>
    <ClInclude Include="Optional.h">
      <Filter>Header Files\util</Filter>
    </ClInclude>
  </ItemGroup>
</Project>